
Microsoft Visual Studio Solution File, Format Version 12.00
# Visual Studio Version 16
VisualStudioVersion = 16.0.32106.194
MinimumVisualStudioVersion = 10.0.40219.1
Project("{FAE04EC0-301F-11D3-BF4B-00C04F79EFBC}") = "EquacaoSegundoGrau", "EquacaoSegundoGrau\EquacaoSegundoGrau.csproj", "{ADAE457A-6701-43D2-B18E-1AF4EDD33934}"
EndProject
Global
	GlobalSection(SolutionConfigurationPlatforms) = preSolution
		Debug|Any CPU = Debug|Any CPU
		Release|Any CPU = Release|Any CPU
	EndGlobalSection
	GlobalSection(ProjectConfigurationPlatforms) = postSolution
		{ADAE457A-6701-43D2-B18E-1AF4EDD33934}.Debug|Any CPU.ActiveCfg = Debug|Any CPU
		{ADAE457A-6701-43D2-B18E-1AF4EDD33934}.Debug|Any CPU.Build.0 = Debug|Any CPU
		{ADAE457A-6701-43D2-B18E-1AF4EDD33934}.Release|Any CPU.ActiveCfg = Release|Any CPU
		{ADAE457A-6701-43D2-B18E-1AF4EDD33934}.Release|Any CPU.Build.0 = Release|Any CPU
	EndGlobalSection
	GlobalSection(SolutionProperties) = preSolution
		HideSolutionNode = FALSE
	EndGlobalSection
	GlobalSection(ExtensibilityGlobals) = postSolution
		SolutionGuid = {79A9DB96-9695-4B61-B617-9223EEBDBC86}
	EndGlobalSection
EndGlobal
